
Microsoft Visual Studio Solution File, Format Version 12.00
# Visual Studio Version 17
VisualStudioVersion = 17.9.34902.65
MinimumVisualStudioVersion = 10.0.40219.1
Project("{FAE04EC0-301F-11D3-BF4B-00C04F79EFBC}") = "Googleauth", "Googleauth\Googleauth.csproj", "{37248CEA-18EC-433A-BFA2-8DA89D33F827}"
EndProject
Global
	GlobalSection(SolutionConfigurationPlatforms) = preSolution
		Debug|Any CPU = Debug|Any CPU
		Release|Any CPU = Release|Any CPU
	EndGlobalSection
	GlobalSection(ProjectConfigurationPlatforms) = postSolution
		{37248CEA-18EC-433A-BFA2-8DA89D33F827}.Debug|Any CPU.ActiveCfg = Debug|Any CPU
		{37248CEA-18EC-433A-BFA2-8DA89D33F827}.Debug|Any CPU.Build.0 = Debug|Any CPU
		{37248CEA-18EC-433A-BFA2-8DA89D33F827}.Release|Any CPU.ActiveCfg = Release|Any CPU
		{37248CEA-18EC-433A-BFA2-8DA89D33F827}.Release|Any CPU.Build.0 = Release|Any CPU
	EndGlobalSection
	GlobalSection(SolutionProperties) = preSolution
		HideSolutionNode = FALSE
	EndGlobalSection
	GlobalSection(ExtensibilityGlobals) = postSolution
		SolutionGuid = {D3165246-6655-4D35-B741-CA06415423C9}
	EndGlobalSection
EndGlobal
